{
  "nodes": {
    "baycomp": {
      "inputs": {
        "nixpkgs": "nixpkgs",
        "src": "src"
      },
      "locked": {
        "lastModified": 1643117145,
        "narHash": "sha256-coGHPoigQdR8v3+QYfse+fLdNEC4JO+hkPISeDGCjNM=",
        "owner": "dpaetzel",
        "repo": "flake-baycomp",
        "rev": "dd704a0734e3119eceb43ae10ce177e05111100e",
        "type": "github"
      },
      "original": {
        "owner": "dpaetzel",
        "repo": "flake-baycomp",
        "type": "github"
      }
    },
    "berbl-eval": {
      "inputs": {
        "baycomp": "baycomp",
        "nixpkgs": "nixpkgs_2",
        "overlays": "overlays",
        "pystan": "pystan"
      },
      "locked": {
        "narHash": "sha256-+TBt++QkfHTqW9qdU6Yn6+9up6sH4NmvTw2KH0EKKPM=",
        "path": "/home/david/Projekte/berbl/berbl-eval",
        "type": "path"
      },
      "original": {
        "path": "/home/david/Projekte/berbl/berbl-eval",
        "type": "path"
      }
    },
    "nixpkgs": {
      "locked": {
        "lastModified": 1642940213,
        "narHash": "sha256-LXGwfPrtbhix9IRUT2phtbJsur41lkTsrKcTcS0lzIc=",
        "owner": "NixOS",
        "repo": "nixpkgs",
        "rev": "8ca77a63599ed951d6a2d244c1d62092776a3fe1",
        "type": "github"
      },
      "original": {
        "owner": "NixOS",
        "repo": "nixpkgs",
        "rev": "8ca77a63599ed951d6a2d244c1d62092776a3fe1",
        "type": "github"
      }
    },
    "nixpkgs_2": {
      "locked": {
        "lastModified": 1642940213,
        "narHash": "sha256-LXGwfPrtbhix9IRUT2phtbJsur41lkTsrKcTcS0lzIc=",
        "owner": "NixOS",
        "repo": "nixpkgs",
        "rev": "8ca77a63599ed951d6a2d244c1d62092776a3fe1",
        "type": "github"
      },
      "original": {
        "owner": "NixOS",
        "repo": "nixpkgs",
        "rev": "8ca77a63599ed951d6a2d244c1d62092776a3fe1",
        "type": "github"
      }
    },
    "nixpkgs_3": {
      "locked": {
        "lastModified": 1642940213,
        "narHash": "sha256-LXGwfPrtbhix9IRUT2phtbJsur41lkTsrKcTcS0lzIc=",
        "owner": "NixOS",
        "repo": "nixpkgs",
        "rev": "8ca77a63599ed951d6a2d244c1d62092776a3fe1",
        "type": "github"
      },
      "original": {
        "owner": "NixOS",
        "repo": "nixpkgs",
        "rev": "8ca77a63599ed951d6a2d244c1d62092776a3fe1",
        "type": "github"
      }
    },
    "nixpkgs_4": {
      "locked": {
        "lastModified": 1642940213,
        "narHash": "sha256-LXGwfPrtbhix9IRUT2phtbJsur41lkTsrKcTcS0lzIc=",
        "owner": "NixOS",
        "repo": "nixpkgs",
        "rev": "8ca77a63599ed951d6a2d244c1d62092776a3fe1",
        "type": "github"
      },
      "original": {
        "owner": "NixOS",
        "repo": "nixpkgs",
        "rev": "8ca77a63599ed951d6a2d244c1d62092776a3fe1",
        "type": "github"
      }
    },
    "overlays": {
      "locked": {
        "lastModified": 1642861482,
        "narHash": "sha256-yubYKws/g4LReVEy/y7cpJjXs3JGRUttpR8hgjaPGxA=",
        "owner": "dpaetzel",
        "repo": "overlays",
        "rev": "d3e0907efa9d87394869047902fc00a4721972dd",
        "type": "github"
      },
      "original": {
        "owner": "dpaetzel",
        "repo": "overlays",
        "type": "github"
      }
    },
    "pystan": {
      "inputs": {
        "nixpkgs": "nixpkgs_3",
        "src": "src_2"
      },
      "locked": {
        "lastModified": 1643117030,
        "narHash": "sha256-6RxpgoS33tHhFIX8DJVMf1W6NeiGWtZrJfBHk9yc7HM=",
        "owner": "dpaetzel",
        "repo": "flake-pystan-2.19.1.1",
        "rev": "3a784914b0920406725148c8960da4277d8511fb",
        "type": "github"
      },
      "original": {
        "owner": "dpaetzel",
        "repo": "flake-pystan-2.19.1.1",
        "type": "github"
      }
    },
    "root": {
      "inputs": {
        "berbl-eval": "berbl-eval",
        "nixpkgs": "nixpkgs_4"
      }
    },
    "src": {
      "flake": false,
      "locked": {
        "lastModified": 1639399339,
        "narHash": "sha256-qHT2+Lid0EJZJRQ0ZpiBfBs+p3C9HX4KQTQFrmaJnrQ=",
        "owner": "janezd",
        "repo": "baycomp",
        "rev": "4cffdb34ad812b0efa6177f3986d86bf48c6ccea",
        "type": "github"
      },
      "original": {
        "owner": "janezd",
        "repo": "baycomp",
        "type": "github"
      }
    },
    "src_2": {
      "flake": false,
      "locked": {
        "narHash": "sha256-l43y3Co5dIYyr7DqwJGBIchQGCAt/L9UGAPn86qgvYg=",
        "type": "tarball",
        "url": "https://files.pythonhosted.org/packages/10/9f/dcecf31ac08842a675ec337a14439b37d75f6da42f034b1fd5eb90b10b84/pystan-2.19.1.1.tar.gz"
      },
      "original": {
        "type": "tarball",
        "url": "https://files.pythonhosted.org/packages/10/9f/dcecf31ac08842a675ec337a14439b37d75f6da42f034b1fd5eb90b10b84/pystan-2.19.1.1.tar.gz"
      }
    }
  },
  "root": "root",
  "version": 7
}
